
Microsoft Visual Studio Solution File, Format Version 12.00
Project("{FAE04EC0-301F-11D3-BF4B-00C04F79EFBC}") = "fabsi.MauiExample", "fabsi.MauiExample\fabsi.MauiExample.csproj", "{ED8D3D90-68FC-454B-A630-236E530FF4BD}"
EndProject
Global
	GlobalSection(SolutionConfigurationPlatforms) = preSolution
		Debug|Any CPU = Debug|Any CPU
		Release|Any CPU = Release|Any CPU
	EndGlobalSection
	GlobalSection(ProjectConfigurationPlatforms) = postSolution
		{ED8D3D90-68FC-454B-A630-236E530FF4BD}.Debug|Any CPU.ActiveCfg = Debug|Any CPU
		{ED8D3D90-68FC-454B-A630-236E530FF4BD}.Debug|Any CPU.Build.0 = Debug|Any CPU
		{ED8D3D90-68FC-454B-A630-236E530FF4BD}.Release|Any CPU.ActiveCfg = Release|Any CPU
		{ED8D3D90-68FC-454B-A630-236E530FF4BD}.Release|Any CPU.Build.0 = Release|Any CPU
	EndGlobalSection
EndGlobal
